
Microsoft Visual Studio Solution File, Format Version 12.00
# Visual Studio Version 17
VisualStudioVersion = 17.11.35327.3
MinimumVisualStudioVersion = 10.0.40219.1
Project("{FAE04EC0-301F-11D3-BF4B-00C04F79EFBC}") = "Exact", "Exact\Exact.csproj", "{3AC96C65-65DE-4600-ACEC-A837B4F4AB6E}"
EndProject
Project("{FAE04EC0-301F-11D3-BF4B-00C04F79EFBC}") = "DataModel", "DataModel\DataModel.csproj", "{C9E9EC36-A263-4887-BE4A-BA21336FE792}"
EndProject
Project("{FAE04EC0-301F-11D3-BF4B-00C04F79EFBC}") = "DataServices", "DataServices\DataServices.csproj", "{A3294C2F-9A9E-4F5A-8C8B-350D50C3908E}"
EndProject
Global
	GlobalSection(SolutionConfigurationPlatforms) = preSolution
		Debug|Any CPU = Debug|Any CPU
		Release|Any CPU = Release|Any CPU
	EndGlobalSection
	GlobalSection(ProjectConfigurationPlatforms) = postSolution
		{3AC96C65-65DE-4600-ACEC-A837B4F4AB6E}.Debug|Any CPU.ActiveCfg = Debug|Any CPU
		{3AC96C65-65DE-4600-ACEC-A837B4F4AB6E}.Debug|Any CPU.Build.0 = Debug|Any CPU
		{3AC96C65-65DE-4600-ACEC-A837B4F4AB6E}.Release|Any CPU.ActiveCfg = Release|Any CPU
		{3AC96C65-65DE-4600-ACEC-A837B4F4AB6E}.Release|Any CPU.Build.0 = Release|Any CPU
		{C9E9EC36-A263-4887-BE4A-BA21336FE792}.Debug|Any CPU.ActiveCfg = Debug|Any CPU
		{C9E9EC36-A263-4887-BE4A-BA21336FE792}.Debug|Any CPU.Build.0 = Debug|Any CPU
		{C9E9EC36-A263-4887-BE4A-BA21336FE792}.Release|Any CPU.ActiveCfg = Release|Any CPU
		{C9E9EC36-A263-4887-BE4A-BA21336FE792}.Release|Any CPU.Build.0 = Release|Any CPU
		{A3294C2F-9A9E-4F5A-8C8B-350D50C3908E}.Debug|Any CPU.ActiveCfg = Debug|Any CPU
		{A3294C2F-9A9E-4F5A-8C8B-350D50C3908E}.Debug|Any CPU.Build.0 = Debug|Any CPU
		{A3294C2F-9A9E-4F5A-8C8B-350D50C3908E}.Release|Any CPU.ActiveCfg = Release|Any CPU
		{A3294C2F-9A9E-4F5A-8C8B-350D50C3908E}.Release|Any CPU.Build.0 = Release|Any CPU
	EndGlobalSection
	GlobalSection(SolutionProperties) = preSolution
		HideSolutionNode = FALSE
	EndGlobalSection
	GlobalSection(ExtensibilityGlobals) = postSolution
		SolutionGuid = {6D020025-B759-4781-8311-FB3F3AB608C7}
	EndGlobalSection
EndGlobal
